
Microsoft Visual Studio Solution File, Format Version 12.00
# Visual Studio Version 17
VisualStudioVersion = 17.4.33213.308
MinimumVisualStudioVersion = 10.0.40219.1
Project("{FAE04EC0-301F-11D3-BF4B-00C04F79EFBC}") = "WindowsFormsAPPHolaMundo", "WindowsFormsAPPHolaMundo.csproj", "{2BF55D82-74DE-421F-84F1-AB4A93009FFE}"
EndProject
Global
	GlobalSection(SolutionConfigurationPlatforms) = preSolution
		Debug|Any CPU = Debug|Any CPU
		Release|Any CPU = Release|Any CPU
	EndGlobalSection
	GlobalSection(ProjectConfigurationPlatforms) = postSolution
		{2BF55D82-74DE-421F-84F1-AB4A93009FFE}.Debug|Any CPU.ActiveCfg = Debug|Any CPU
		{2BF55D82-74DE-421F-84F1-AB4A93009FFE}.Debug|Any CPU.Build.0 = Debug|Any CPU
		{2BF55D82-74DE-421F-84F1-AB4A93009FFE}.Release|Any CPU.ActiveCfg = Release|Any CPU
		{2BF55D82-74DE-421F-84F1-AB4A93009FFE}.Release|Any CPU.Build.0 = Release|Any CPU
	EndGlobalSection
	GlobalSection(SolutionProperties) = preSolution
		HideSolutionNode = FALSE
	EndGlobalSection
	GlobalSection(ExtensibilityGlobals) = postSolution
		SolutionGuid = {E2078222-6074-48D6-9F04-5F9579D8B1EF}
	EndGlobalSection
EndGlobal
